// !$*UTF8*$!
{
	archiveVersion = 1;
	classes = {
	};
	objectVersion = 77;
	objects = {

/* Begin PBXContainerItemProxy section */
		F40A48C32E18ACA3002A3052 /* PBXContainerItemProxy */ = {
			isa = PBXContainerItemProxy;
			containerPortal = F40A48AD2E18ACA1002A3052 /* Project object */;
			proxyType = 1;
			remoteGlobalIDString = F40A48B42E18ACA1002A3052;
			remoteInfo = "ios-study-tests";
		};
		F40A48CD2E18ACA3002A3052 /* PBXContainerItemProxy */ = {
			isa = PBXContainerItemProxy;
			containerPortal = F40A48AD2E18ACA1002A3052 /* Project object */;
			proxyType = 1;
			remoteGlobalIDString = F40A48B42E18ACA1002A3052;
			remoteInfo = "ios-study-tests";
		};
/* End PBXContainerItemProxy section */

/* Begin PBXFileReference section */
		F40A48B52E18ACA1002A3052 /* ios-study-tests.app */ = {isa = PBXFileReference; explicitFileType = wrapper.application; includeInIndex = 0; path = "ios-study-tests.app"; sourceTree = BUILT_PRODUCTS_DIR; };
		F40A48C22E18ACA3002A3052 /* ios-study-testsTests.xctest */ = {isa = PBXFileReference; explicitFileType = wrapper.cfbundle; includeInIndex = 0; path = "ios-study-testsTests.xctest"; sourceTree = BUILT_PRODUCTS_DIR; };
		F40A48CC2E18ACA3002A3052 /* ios-study-testsUITests.xctest */ = {isa = PBXFileReference; explicitFileType = wrapper.cfbundle; includeInIndex = 0; path = "ios-study-testsUITests.xctest"; sourceTree = BUILT_PRODUCTS_DIR; };
		F40A48E12E18B363002A3052 /* MainAnnotations.md */ = {isa = PBXFileReference; lastKnownFileType = net.daringfireball.markdown; path = MainAnnotations.md; sourceTree = "<group>"; };
/* End PBXFileReference section */

/* Begin PBXFileSystemSynchronizedRootGroup section */
		F40A48B72E18ACA1002A3052 /* ios-study-tests */ = {
			isa = PBXFileSystemSynchronizedRootGroup;
			path = "ios-study-tests";
			sourceTree = "<group>";
		};
		F40A48C52E18ACA3002A3052 /* ios-study-testsTests */ = {
			isa = PBXFileSystemSynchronizedRootGroup;
			path = "ios-study-testsTests";
			sourceTree = "<group>";
		};
		F40A48CF2E18ACA3002A3052 /* ios-study-testsUITests */ = {
			isa = PBXFileSystemSynchronizedRootGroup;
			path = "ios-study-testsUITests";
			sourceTree = "<group>";
		};
/* End PBXFileSystemSynchronizedRootGroup section */

/* Begin PBXFrameworksBuildPhase section */
		F40A48B22E18ACA1002A3052 /* Frameworks */ = {
			isa = PBXFrameworksBuildPhase;
			buildActionMask = 2147483647;
			files = (
			);
			runOnlyForDeploymentPostprocessing = 0;
		};
		F40A48BF2E18ACA3002A3052 /* Frameworks */ = {
			isa = PBXFrameworksBuildPhase;
			buildActionMask = 2147483647;
			files = (
			);
			runOnlyForDeploymentPostprocessing = 0;
		};
		F40A48C92E18ACA3002A3052 /* Frameworks */ = {
			isa = PBXFrameworksBuildPhase;
			buildActionMask = 2147483647;
			files = (
			);
			runOnlyForDeploymentPostprocessing = 0;
		};
/* End PBXFrameworksBuildPhase section */

/* Begin PBXGroup section */
		F40A48AC2E18ACA1002A3052 = {
			isa = PBXGroup;
			children = (
				F40A48DF2E18ACD3002A3052 /* Annotations */,
				F40A48B72E18ACA1002A3052 /* ios-study-tests */,
				F40A48C52E18ACA3002A3052 /* ios-study-testsTests */,
				F40A48CF2E18ACA3002A3052 /* ios-study-testsUITests */,
				F40A48B62E18ACA1002A3052 /* Products */,
			);
			sourceTree = "<group>";
		};
		F40A48B62E18ACA1002A3052 /* Products */ = {
			isa = PBXGroup;
			children = (
				F40A48B52E18ACA1002A3052 /* ios-study-tests.app */,
				F40A48C22E18ACA3002A3052 /* ios-study-testsTests.xctest */,
				F40A48CC2E18ACA3002A3052 /* ios-study-testsUITests.xctest */,
			);
			name = Products;
			sourceTree = "<group>";
		};
		F40A48DF2E18ACD3002A3052 /* Annotations */ = {
			isa = PBXGroup;
			children = (
				F40A48E12E18B363002A3052 /* MainAnnotations.md */,
			);
			path = Annotations;
			sourceTree = "<group>";
		};
/* End PBXGroup section */

/* Begin PBXNativeTarget section */
		F40A48B42E18ACA1002A3052 /* ios-study-tests */ = {
			isa = PBXNativeTarget;
			buildConfigurationList = F40A48D62E18ACA3002A3052 /* Build configuration list for PBXNativeTarget "ios-study-tests" */;
			buildPhases = (
				F40A48B12E18ACA1002A3052 /* Sources */,
				F40A48B22E18ACA1002A3052 /* Frameworks */,
				F40A48B32E18ACA1002A3052 /* Resources */,
			);
			buildRules = (
			);
			dependencies = (
			);
			fileSystemSynchronizedGroups = (
				F40A48B72E18ACA1002A3052 /* ios-study-tests */,
			);
			name = "ios-study-tests";
			packageProductDependencies = (
			);
			productName = "ios-study-tests";
			productReference = F40A48B52E18ACA1002A3052 /* ios-study-tests.app */;
			productType = "com.apple.product-type.application";
		};
		F40A48C12E18ACA3002A3052 /* ios-study-testsTests */ = {
			isa = PBXNativeTarget;
			buildConfigurationList = F40A48D92E18ACA3002A3052 /* Build configuration list for PBXNativeTarget "ios-study-testsTests" */;
			buildPhases = (
				F40A48BE2E18ACA3002A3052 /* Sources */,
				F40A48BF2E18ACA3002A3052 /* Frameworks */,
				F40A48C02E18ACA3002A3052 /* Resources */,
			);
			buildRules = (
			);
			dependencies = (
				F40A48C42E18ACA3002A3052 /* PBXTargetDependency */,
			);
			fileSystemSynchronizedGroups = (
				F40A48C52E18ACA3002A3052 /* ios-study-testsTests */,
			);
			name = "ios-study-testsTests";
			packageProductDependencies = (
			);
			productName = "ios-study-testsTests";
			productReference = F40A48C22E18ACA3002A3052 /* ios-study-testsTests.xctest */;
			productType = "com.apple.product-type.bundle.unit-test";
		};
		F40A48CB2E18ACA3002A3052 /* ios-study-testsUITests */ = {
			isa = PBXNativeTarget;
			buildConfigurationList = F40A48DC2E18ACA3002A3052 /* Build configuration list for PBXNativeTarget "ios-study-testsUITests" */;
			buildPhases = (
				F40A48C82E18ACA3002A3052 /* Sources */,
				F40A48C92E18ACA3002A3052 /* Frameworks */,
				F40A48CA2E18ACA3002A3052 /* Resources */,
			);
			buildRules = (
			);
			dependencies = (
				F40A48CE2E18ACA3002A3052 /* PBXTargetDependency */,
			);
			fileSystemSynchronizedGroups = (
				F40A48CF2E18ACA3002A3052 /* ios-study-testsUITests */,
			);
			name = "ios-study-testsUITests";
			packageProductDependencies = (
			);
			productName = "ios-study-testsUITests";
			productReference = F40A48CC2E18ACA3002A3052 /* ios-study-testsUITests.xctest */;
			productType = "com.apple.product-type.bundle.ui-testing";
		};
/* End PBXNativeTarget section */

/* Begin PBXProject section */
		F40A48AD2E18ACA1002A3052 /* Project object */ = {
			isa = PBXProject;
			attributes = {
				BuildIndependentTargetsInParallel = 1;
				LastSwiftUpdateCheck = 1640;
				LastUpgradeCheck = 1640;
				TargetAttributes = {
					F40A48B42E18ACA1002A3052 = {
						CreatedOnToolsVersion = 16.4;
					};
					F40A48C12E18ACA3002A3052 = {
						CreatedOnToolsVersion = 16.4;
						TestTargetID = F40A48B42E18ACA1002A3052;
					};
					F40A48CB2E18ACA3002A3052 = {
						CreatedOnToolsVersion = 16.4;
						TestTargetID = F40A48B42E18ACA1002A3052;
					};
				};
			};
			buildConfigurationList = F40A48B02E18ACA1002A3052 /* Build configuration list for PBXProject "ios-study-tests" */;
			developmentRegion = en;
			hasScannedForEncodings = 0;
			knownRegions = (
				en,
				Base,
			);
			mainGroup = F40A48AC2E18ACA1002A3052;
			minimizedProjectReferenceProxies = 1;
			preferredProjectObjectVersion = 77;
			productRefGroup = F40A48B62E18ACA1002A3052 /* Products */;
			projectDirPath = "";
			projectRoot = "";
			targets = (
				F40A48B42E18ACA1002A3052 /* ios-study-tests */,
				F40A48C12E18ACA3002A3052 /* ios-study-testsTests */,
				F40A48CB2E18ACA3002A3052 /* ios-study-testsUITests */,
			);
		};
/* End PBXProject section */

/* Begin PBXResourcesBuildPhase section */
		F40A48B32E18ACA1002A3052 /* Resources */ = {
			isa = PBXResourcesBuildPhase;
			buildActionMask = 2147483647;
			files = (
			);
			runOnlyForDeploymentPostprocessing = 0;
		};
		F40A48C02E18ACA3002A3052 /* Resources */ = {
			isa = PBXResourcesBuildPhase;
			buildActionMask = 2147483647;
			files = (
			);
			runOnlyForDeploymentPostprocessing = 0;
		};
		F40A48CA2E18ACA3002A3052 /* Resources */ = {
			isa = PBXResourcesBuildPhase;
			buildActionMask = 2147483647;
			files = (
			);
			runOnlyForDeploymentPostprocessing = 0;
		};
/* End PBXResourcesBuildPhase section */

/* Begin PBXSourcesBuildPhase section */
		F40A48B12E18ACA1002A3052 /* Sources */ = {
			isa = PBXSourcesBuildPhase;
			buildActionMask = 2147483647;
			files = (
			);
			runOnlyForDeploymentPostprocessing = 0;
		};
		F40A48BE2E18ACA3002A3052 /* Sources */ = {
			isa = PBXSourcesBuildPhase;
			buildActionMask = 2147483647;
			files = (
			);
			runOnlyForDeploymentPostprocessing = 0;
		};
		F40A48C82E18ACA3002A3052 /* Sources */ = {
			isa = PBXSourcesBuildPhase;
			buildActionMask = 2147483647;
			files = (
			);
			runOnlyForDeploymentPostprocessing = 0;
		};
/* End PBXSourcesBuildPhase section */

/* Begin PBXTargetDependency section */
		F40A48C42E18ACA3002A3052 /* PBXTargetDependency */ = {
			isa = PBXTargetDependency;
			target = F40A48B42E18ACA1002A3052 /* ios-study-tests */;
			targetProxy = F40A48C32E18ACA3002A3052 /* PBXContainerItemProxy */;
		};
		F40A48CE2E18ACA3002A3052 /* PBXTargetDependency */ = {
			isa = PBXTargetDependency;
			target = F40A48B42E18ACA1002A3052 /* ios-study-tests */;
			targetProxy = F40A48CD2E18ACA3002A3052 /* PBXContainerItemProxy */;
		};
/* End PBXTargetDependency section */

/* Begin XCBuildConfiguration section */
		F40A48D42E18ACA3002A3052 /* Debug */ = {
			isa = XCBuildConfiguration;
			buildSettings = {
				ALWAYS_SEARCH_USER_PATHS = NO;
				ASSETCATALOG_COMPILER_GENERATE_SWIFT_ASSET_SYMBOL_EXTENSIONS = YES;
				CLANG_ANALYZER_NONNULL = YES;
				CLANG_ANALYZER_NUMBER_OBJECT_CONVERSION = YES_AGGRESSIVE;
				CLANG_CXX_LANGUAGE_STANDARD = "gnu++20";
				CLANG_ENABLE_MODULES = YES;
				CLANG_ENABLE_OBJC_ARC = YES;
				CLANG_ENABLE_OBJC_WEAK = YES;
				CLANG_WARN_BLOCK_CAPTURE_AUTORELEASING = YES;
				CLANG_WARN_BOOL_CONVERSION = YES;
				CLANG_WARN_COMMA = YES;
				CLANG_WARN_CONSTANT_CONVERSION = YES;
				CLANG_WARN_DEPRECATED_OBJC_IMPLEMENTATIONS = YES;
				CLANG_WARN_DIRECT_OBJC_ISA_USAGE = YES_ERROR;
				CLANG_WARN_DOCUMENTATION_COMMENTS = YES;
				CLANG_WARN_EMPTY_BODY = YES;
				CLANG_WARN_ENUM_CONVERSION = YES;
				CLANG_WARN_INFINITE_RECURSION = YES;
				CLANG_WARN_INT_CONVERSION = YES;
				CLANG_WARN_NON_LITERAL_NULL_CONVERSION = YES;
				CLANG_WARN_OBJC_IMPLICIT_RETAIN_SELF = YES;
				CLANG_WARN_OBJC_LITERAL_CONVERSION = YES;
				CLANG_WARN_OBJC_ROOT_CLASS = YES_ERROR;
				CLANG_WARN_QUOTED_INCLUDE_IN_FRAMEWORK_HEADER = YES;
				CLANG_WARN_RANGE_LOOP_ANALYSIS = YES;
				CLANG_WARN_STRICT_PROTOTYPES = YES;
				CLANG_WARN_SUSPICIOUS_MOVE = YES;
				CLANG_WARN_UNGUARDED_AVAILABILITY = YES_AGGRESSIVE;
				CLANG_WARN_UNREACHABLE_CODE = YES;
				CLANG_WARN__DUPLICATE_METHOD_MATCH = YES;
				COPY_PHASE_STRIP = NO;
				DEBUG_INFORMATION_FORMAT = dwarf;
				DEVELOPMENT_TEAM = 6NZ5C3QSQR;
				ENABLE_STRICT_OBJC_MSGSEND = YES;
				ENABLE_TESTABILITY = YES;
				ENABLE_USER_SCRIPT_SANDBOXING = YES;
				GCC_C_LANGUAGE_STANDARD = gnu17;
				GCC_DYNAMIC_NO_PIC = NO;
				GCC_NO_COMMON_BLOCKS = YES;
				GCC_OPTIMIZATION_LEVEL = 0;
				GCC_PREPROCESSOR_DEFINITIONS = (
					"DEBUG=1",
					"$(inherited)",
				);
				GCC_WARN_64_TO_32_BIT_CONVERSION = YES;
				GCC_WARN_ABOUT_RETURN_TYPE = YES_ERROR;
				GCC_WARN_UNDECLARED_SELECTOR = YES;
				GCC_WARN_UNINITIALIZED_AUTOS = YES_AGGRESSIVE;
				GCC_WARN_UNUSED_FUNCTION = YES;
				GCC_WARN_UNUSED_VARIABLE = YES;
				IPHONEOS_DEPLOYMENT_TARGET = 18.5;
				LOCALIZATION_PREFERS_STRING_CATALOGS = YES;
				MTL_ENABLE_DEBUG_INFO = INCLUDE_SOURCE;
				MTL_FAST_MATH = YES;
				ONLY_ACTIVE_ARCH = YES;
				SDKROOT = iphoneos;
				SWIFT_ACTIVE_COMPILATION_CONDITIONS = "DEBUG $(inherited)";
				SWIFT_OPTIMIZATION_LEVEL = "-Onone";
			};
			name = Debug;
		};
		F40A48D52E18ACA3002A3052 /* Release */ = {
			isa = XCBuildConfiguration;
			buildSettings = {
				ALWAYS_SEARCH_USER_PATHS = NO;
				ASSETCATALOG_COMPILER_GENERATE_SWIFT_ASSET_SYMBOL_EXTENSIONS = YES;
				CLANG_ANALYZER_NONNULL = YES;
				CLANG_ANALYZER_NUMBER_OBJECT_CONVERSION = YES_AGGRESSIVE;
				CLANG_CXX_LANGUAGE_STANDARD = "gnu++20";
				CLANG_ENABLE_MODULES = YES;
				CLANG_ENABLE_OBJC_ARC = YES;
				CLANG_ENABLE_OBJC_WEAK = YES;
				CLANG_WARN_BLOCK_CAPTURE_AUTORELEASING = YES;
				CLANG_WARN_BOOL_CONVERSION = YES;
				CLANG_WARN_COMMA = YES;
				CLANG_WARN_CONSTANT_CONVERSION = YES;
				CLANG_WARN_DEPRECATED_OBJC_IMPLEMENTATIONS = YES;
				CLANG_WARN_DIRECT_OBJC_ISA_USAGE = YES_ERROR;
				CLANG_WARN_DOCUMENTATION_COMMENTS = YES;
				CLANG_WARN_EMPTY_BODY = YES;
				CLANG_WARN_ENUM_CONVERSION = YES;
				CLANG_WARN_INFINITE_RECURSION = YES;
				CLANG_WARN_INT_CONVERSION = YES;
				CLANG_WARN_NON_LITERAL_NULL_CONVERSION = YES;
				CLANG_WARN_OBJC_IMPLICIT_RETAIN_SELF = YES;
				CLANG_WARN_OBJC_LITERAL_CONVERSION = YES;
				CLANG_WARN_OBJC_ROOT_CLASS = YES_ERROR;
				CLANG_WARN_QUOTED_INCLUDE_IN_FRAMEWORK_HEADER = YES;
				CLANG_WARN_RANGE_LOOP_ANALYSIS = YES;
				CLANG_WARN_STRICT_PROTOTYPES = YES;
				CLANG_WARN_SUSPICIOUS_MOVE = YES;
				CLANG_WARN_UNGUARDED_AVAILABILITY = YES_AGGRESSIVE;
				CLANG_WARN_UNREACHABLE_CODE = YES;
				CLANG_WARN__DUPLICATE_METHOD_MATCH = YES;
				COPY_PHASE_STRIP = NO;
				DEBUG_INFORMATION_FORMAT = "dwarf-with-dsym";
				DEVELOPMENT_TEAM = 6NZ5C3QSQR;
				ENABLE_NS_ASSERTIONS = NO;
				ENABLE_STRICT_OBJC_MSGSEND = YES;
				ENABLE_USER_SCRIPT_SANDBOXING = YES;
				GCC_C_LANGUAGE_STANDARD = gnu17;
				GCC_NO_COMMON_BLOCKS = YES;
				GCC_WARN_64_TO_32_BIT_CONVERSION = YES;
				GCC_WARN_ABOUT_RETURN_TYPE = YES_ERROR;
				GCC_WARN_UNDECLARED_SELECTOR = YES;
				GCC_WARN_UNINITIALIZED_AUTOS = YES_AGGRESSIVE;
				GCC_WARN_UNUSED_FUNCTION = YES;
				GCC_WARN_UNUSED_VARIABLE = YES;
				IPHONEOS_DEPLOYMENT_TARGET = 18.5;
				LOCALIZATION_PREFERS_STRING_CATALOGS = YES;
				MTL_ENABLE_DEBUG_INFO = NO;
				MTL_FAST_MATH = YES;
				SDKROOT = iphoneos;
				SWIFT_COMPILATION_MODE = wholemodule;
				VALIDATE_PRODUCT = YES;
			};
			name = Release;
		};
		F40A48D72E18ACA3002A3052 /* Debug */ = {
			isa = XCBuildConfiguration;
			buildSettings = {
				ASSETCATALOG_COMPILER_APPICON_NAME = AppIcon;
				ASSETCATALOG_COMPILER_GLOBAL_ACCENT_COLOR_NAME = AccentColor;
				CODE_SIGN_STYLE = Automatic;
				CURRENT_PROJECT_VERSION = 1;
				DEVELOPMENT_TEAM = 6NZ5C3QSQR;
				ENABLE_PREVIEWS = YES;
				GENERATE_INFOPLIST_FILE = YES;
				INFOPLIST_KEY_UIApplicationSceneManifest_Generation = YES;
				INFOPLIST_KEY_UIApplicationSupportsIndirectInputEvents = YES;
				INFOPLIST_KEY_UILaunchScreen_Generation = YES;
				INFOPLIST_KEY_UISupportedInterfaceOrientations_iPad = "UIInterfaceOrientationPortrait UIInterfaceOrientationPortraitUpsideDown UIInterfaceOrientationLandscapeLeft UIInterfaceOrientationLandscapeRight";
				INFOPLIST_KEY_UISupportedInterfaceOrientations_iPhone = "UIInterfaceOrientationPortrait UIInterfaceOrientationLandscapeLeft UIInterfaceOrientationLandscapeRight";
				LD_RUNPATH_SEARCH_PATHS = (
					"$(inherited)",
					"@executable_path/Frameworks",
				);
				MARKETING_VERSION = 1.0;
				PRODUCT_BUNDLE_IDENTIFIER = "com.julio.ios-study-tests";
				PRODUCT_NAME = "$(TARGET_NAME)";
				SWIFT_EMIT_LOC_STRINGS = YES;
				SWIFT_VERSION = 5.0;
				TARGETED_DEVICE_FAMILY = "1,2";
			};
			name = Debug;
		};
		F40A48D82E18ACA3002A3052 /* Release */ = {
			isa = XCBuildConfiguration;
			buildSettings = {
				ASSETCATALOG_COMPILER_APPICON_NAME = AppIcon;
				ASSETCATALOG_COMPILER_GLOBAL_ACCENT_COLOR_NAME = AccentColor;
				CODE_SIGN_STYLE = Automatic;
				CURRENT_PROJECT_VERSION = 1;
				DEVELOPMENT_TEAM = 6NZ5C3QSQR;
				ENABLE_PREVIEWS = YES;
				GENERATE_INFOPLIST_FILE = YES;
				INFOPLIST_KEY_UIApplicationSceneManifest_Generation = YES;
				INFOPLIST_KEY_UIApplicationSupportsIndirectInputEvents = YES;
				INFOPLIST_KEY_UILaunchScreen_Generation = YES;
				INFOPLIST_KEY_UISupportedInterfaceOrientations_iPad = "UIInterfaceOrientationPortrait UIInterfaceOrientationPortraitUpsideDown UIInterfaceOrientationLandscapeLeft UIInterfaceOrientationLandscapeRight";
				INFOPLIST_KEY_UISupportedInterfaceOrientations_iPhone = "UIInterfaceOrientationPortrait UIInterfaceOrientationLandscapeLeft UIInterfaceOrientationLandscapeRight";
				LD_RUNPATH_SEARCH_PATHS = (
					"$(inherited)",
					"@executable_path/Frameworks",
				);
				MARKETING_VERSION = 1.0;
				PRODUCT_BUNDLE_IDENTIFIER = "com.julio.ios-study-tests";
				PRODUCT_NAME = "$(TARGET_NAME)";
				SWIFT_EMIT_LOC_STRINGS = YES;
				SWIFT_VERSION = 5.0;
				TARGETED_DEVICE_FAMILY = "1,2";
			};
			name = Release;
		};
		F40A48DA2E18ACA3002A3052 /* Debug */ = {
			isa = XCBuildConfiguration;
			buildSettings = {
				BUNDLE_LOADER = "$(TEST_HOST)";
				CODE_SIGN_STYLE = Automatic;
				CURRENT_PROJECT_VERSION = 1;
				DEVELOPMENT_TEAM = 6NZ5C3QSQR;
				GENERATE_INFOPLIST_FILE = YES;
				IPHONEOS_DEPLOYMENT_TARGET = 18.5;
				MARKETING_VERSION = 1.0;
				PRODUCT_BUNDLE_IDENTIFIER = "com.julio.ios-study-testsTests";
				PRODUCT_NAME = "$(TARGET_NAME)";
				SWIFT_EMIT_LOC_STRINGS = NO;
				SWIFT_VERSION = 5.0;
				TARGETED_DEVICE_FAMILY = "1,2";
				TEST_HOST = "$(BUILT_PRODUCTS_DIR)/ios-study-tests.app/$(BUNDLE_EXECUTABLE_FOLDER_PATH)/ios-study-tests";
			};
			name = Debug;
		};
		F40A48DB2E18ACA3002A3052 /* Release */ = {
			isa = XCBuildConfiguration;
			buildSettings = {
				BUNDLE_LOADER = "$(TEST_HOST)";
				CODE_SIGN_STYLE = Automatic;
				CURRENT_PROJECT_VERSION = 1;
				DEVELOPMENT_TEAM = 6NZ5C3QSQR;
				GENERATE_INFOPLIST_FILE = YES;
				IPHONEOS_DEPLOYMENT_TARGET = 18.5;
				MARKETING_VERSION = 1.0;
				PRODUCT_BUNDLE_IDENTIFIER = "com.julio.ios-study-testsTests";
				PRODUCT_NAME = "$(TARGET_NAME)";
				SWIFT_EMIT_LOC_STRINGS = NO;
				SWIFT_VERSION = 5.0;
				TARGETED_DEVICE_FAMILY = "1,2";
				TEST_HOST = "$(BUILT_PRODUCTS_DIR)/ios-study-tests.app/$(BUNDLE_EXECUTABLE_FOLDER_PATH)/ios-study-tests";
			};
			name = Release;
		};
		F40A48DD2E18ACA3002A3052 /* Debug */ = {
			isa = XCBuildConfiguration;
			buildSettings = {
				CODE_SIGN_STYLE = Automatic;
				CURRENT_PROJECT_VERSION = 1;
				DEVELOPMENT_TEAM = 6NZ5C3QSQR;
				GENERATE_INFOPLIST_FILE = YES;
				MARKETING_VERSION = 1.0;
				PRODUCT_BUNDLE_IDENTIFIER = "com.julio.ios-study-testsUITests";
				PRODUCT_NAME = "$(TARGET_NAME)";
				SWIFT_EMIT_LOC_STRINGS = NO;
				SWIFT_VERSION = 5.0;
				TARGETED_DEVICE_FAMILY = "1,2";
				TEST_TARGET_NAME = "ios-study-tests";
			};
			name = Debug;
		};
		F40A48DE2E18ACA3002A3052 /* Release */ = {
			isa = XCBuildConfiguration;
			buildSettings = {
				CODE_SIGN_STYLE = Automatic;
				CURRENT_PROJECT_VERSION = 1;
				DEVELOPMENT_TEAM = 6NZ5C3QSQR;
				GENERATE_INFOPLIST_FILE = YES;
				MARKETING_VERSION = 1.0;
				PRODUCT_BUNDLE_IDENTIFIER = "com.julio.ios-study-testsUITests";
				PRODUCT_NAME = "$(TARGET_NAME)";
				SWIFT_EMIT_LOC_STRINGS = NO;
				SWIFT_VERSION = 5.0;
				TARGETED_DEVICE_FAMILY = "1,2";
				TEST_TARGET_NAME = "ios-study-tests";
			};
			name = Release;
		};
/* End XCBuildConfiguration section */

/* Begin XCConfigurationList section */
		F40A48B02E18ACA1002A3052 /* Build configuration list for PBXProject "ios-study-tests" */ = {
			isa = XCConfigurationList;
			buildConfigurations = (
				F40A48D42E18ACA3002A3052 /* Debug */,
				F40A48D52E18ACA3002A3052 /* Release */,
			);
			defaultConfigurationIsVisible = 0;
			defaultConfigurationName = Release;
		};
		F40A48D62E18ACA3002A3052 /* Build configuration list for PBXNativeTarget "ios-study-tests" */ = {
			isa = XCConfigurationList;
			buildConfigurations = (
				F40A48D72E18ACA3002A3052 /* Debug */,
				F40A48D82E18ACA3002A3052 /* Release */,
			);
			defaultConfigurationIsVisible = 0;
			defaultConfigurationName = Release;
		};
		F40A48D92E18ACA3002A3052 /* Build configuration list for PBXNativeTarget "ios-study-testsTests" */ = {
			isa = XCConfigurationList;
			buildConfigurations = (
				F40A48DA2E18ACA3002A3052 /* Debug */,
				F40A48DB2E18ACA3002A3052 /* Release */,
			);
			defaultConfigurationIsVisible = 0;
			defaultConfigurationName = Release;
		};
		F40A48DC2E18ACA3002A3052 /* Build configuration list for PBXNativeTarget "ios-study-testsUITests" */ = {
			isa = XCConfigurationList;
			buildConfigurations = (
				F40A48DD2E18ACA3002A3052 /* Debug */,
				F40A48DE2E18ACA3002A3052 /* Release */,
			);
			defaultConfigurationIsVisible = 0;
			defaultConfigurationName = Release;
		};
/* End XCConfigurationList section */
	};
	rootObject = F40A48AD2E18ACA1002A3052 /* Project object */;
}
